// !$*UTF8*$!
{
	archiveVersion = 1;
	classes = {
	};
	objectVersion = 46;
	objects = {

/* Begin PBXBuildFile section */
		488313691D93621A0099FD0D /* main.m in Sources */ = {isa = PBXBuildFile; fileRef = 488313681D93621A0099FD0D /* main.m */; };
		4883136C1D93621A0099FD0D /* AppDelegate.m in Sources */ = {isa = PBXBuildFile; fileRef = 4883136B1D93621A0099FD0D /* AppDelegate.m */; };
		4883136F1D93621A0099FD0D /* ViewController.m in Sources */ = {isa = PBXBuildFile; fileRef = 4883136E1D93621A0099FD0D /* ViewController.m */; };
		488313741D93621A0099FD0D /* Assets.xcassets in Resources */ = {isa = PBXBuildFile; fileRef = 488313731D93621A0099FD0D /* Assets.xcassets */; };
		488313771D93621A0099FD0D /* LaunchScreen.storyboard in Resources */ = {isa = PBXBuildFile; fileRef = 488313751D93621A0099FD0D /* LaunchScreen.storyboard */; };
		488313821D9362770099FD0D /* MDJStatusBarHUD.bundle in Resources */ = {isa = PBXBuildFile; fileRef = 4883137F1D9362770099FD0D /* MDJStatusBarHUD.bundle */; };
		488313831D9362770099FD0D /* MDJStatusBarHUD.m in Sources */ = {isa = PBXBuildFile; fileRef = 488313811D9362770099FD0D /* MDJStatusBarHUD.m */; };
		488313861D93639E0099FD0D /* Main.storyboard in Resources */ = {isa = PBXBuildFile; fileRef = 488313841D93639E0099FD0D /* Main.storyboard */; };
/* End PBXBuildFile section */

/* Begin PBXFileReference section */
		488313641D93621A0099FD0D /* MDJStatusBarHUDDemon.app */ = {isa = PBXFileReference; explicitFileType = wrapper.application; includeInIndex = 0; path = MDJStatusBarHUDDemon.app; sourceTree = BUILT_PRODUCTS_DIR; };
		488313681D93621A0099FD0D /* main.m */ = {isa = PBXFileReference; lastKnownFileType = sourcecode.c.objc; path = main.m; sourceTree = "<group>"; };
		4883136A1D93621A0099FD0D /* AppDelegate.h */ = {isa = PBXFileReference; lastKnownFileType = sourcecode.c.h; path = AppDelegate.h; sourceTree = "<group>"; };
		4883136B1D93621A0099FD0D /* AppDelegate.m */ = {isa = PBXFileReference; lastKnownFileType = sourcecode.c.objc; path = AppDelegate.m; sourceTree = "<group>"; };
		4883136D1D93621A0099FD0D /* ViewController.h */ = {isa = PBXFileReference; lastKnownFileType = sourcecode.c.h; path = ViewController.h; sourceTree = "<group>"; };
		4883136E1D93621A0099FD0D /* ViewController.m */ = {isa = PBXFileReference; lastKnownFileType = sourcecode.c.objc; path = ViewController.m; sourceTree = "<group>"; };
		488313731D93621A0099FD0D /* Assets.xcassets */ = {isa = PBXFileReference; lastKnownFileType = folder.assetcatalog; path = Assets.xcassets; sourceTree = "<group>"; };
		488313761D93621A0099FD0D /* Base */ = {isa = PBXFileReference; lastKnownFileType = file.storyboard; name = Base; path = Base.lproj/LaunchScreen.storyboard; sourceTree = "<group>"; };
		488313781D93621A0099FD0D /* Info.plist */ = {isa = PBXFileReference; lastKnownFileType = text.plist.xml; path = Info.plist; sourceTree = "<group>"; };
		4883137F1D9362770099FD0D /* MDJStatusBarHUD.bundle */ = {isa = PBXFileReference; lastKnownFileType = "wrapper.plug-in"; path = MDJStatusBarHUD.bundle; sourceTree = "<group>"; };
		488313801D9362770099FD0D /* MDJStatusBarHUD.h */ = {isa = PBXFileReference; fileEncoding = 4; lastKnownFileType = sourcecode.c.h; path = MDJStatusBarHUD.h; sourceTree = "<group>"; };
		488313811D9362770099FD0D /* MDJStatusBarHUD.m */ = {isa = PBXFileReference; fileEncoding = 4; lastKnownFileType = sourcecode.c.objc; path = MDJStatusBarHUD.m; sourceTree = "<group>"; };
		488313851D93639E0099FD0D /* Base */ = {isa = PBXFileReference; lastKnownFileType = file.storyboard; name = Base; path = Base.lproj/Main.storyboard; sourceTree = "<group>"; };
/* End PBXFileReference section */

/* Begin PBXFrameworksBuildPhase section */
		488313611D93621A0099FD0D /* Frameworks */ = {
			isa = PBXFrameworksBuildPhase;
			buildActionMask = 2147483647;
			files = (
			);
			runOnlyForDeploymentPostprocessing = 0;
		};
/* End PBXFrameworksBuildPhase section */

/* Begin PBXGroup section */
		4883135B1D93621A0099FD0D = {
			isa = PBXGroup;
			children = (
				488313661D93621A0099FD0D /* MDJStatusBarHUDDemon */,
				488313651D93621A0099FD0D /* Products */,
			);
			sourceTree = "<group>";
		};
		488313651D93621A0099FD0D /* Products */ = {
			isa = PBXGroup;
			children = (
				488313641D93621A0099FD0D /* MDJStatusBarHUDDemon.app */,
			);
			name = Products;
			sourceTree = "<group>";
		};
		488313661D93621A0099FD0D /* MDJStatusBarHUDDemon */ = {
			isa = PBXGroup;
			children = (
				4883137E1D9362770099FD0D /* MDJStatusBarHUD */,
				4883136A1D93621A0099FD0D /* AppDelegate.h */,
				4883136B1D93621A0099FD0D /* AppDelegate.m */,
				4883136D1D93621A0099FD0D /* ViewController.h */,
				4883136E1D93621A0099FD0D /* ViewController.m */,
				488313841D93639E0099FD0D /* Main.storyboard */,
				488313731D93621A0099FD0D /* Assets.xcassets */,
				488313751D93621A0099FD0D /* LaunchScreen.storyboard */,
				488313781D93621A0099FD0D /* Info.plist */,
				488313671D93621A0099FD0D /* Supporting Files */,
			);
			path = MDJStatusBarHUDDemon;
			sourceTree = "<group>";
		};
		488313671D93621A0099FD0D /* Supporting Files */ = {
			isa = PBXGroup;
			children = (
				488313681D93621A0099FD0D /* main.m */,
			);
			name = "Supporting Files";
			sourceTree = "<group>";
		};
		4883137E1D9362770099FD0D /* MDJStatusBarHUD */ = {
			isa = PBXGroup;
			children = (
				4883137F1D9362770099FD0D /* MDJStatusBarHUD.bundle */,
				488313801D9362770099FD0D /* MDJStatusBarHUD.h */,
				488313811D9362770099FD0D /* MDJStatusBarHUD.m */,
			);
			name = MDJStatusBarHUD;
			path = ../../MDJStatusBarHUD;
			sourceTree = "<group>";
		};
/* End PBXGroup section */

/* Begin PBXNativeTarget section */
		488313631D93621A0099FD0D /* MDJStatusBarHUDDemon */ = {
			isa = PBXNativeTarget;
			buildConfigurationList = 4883137B1D93621A0099FD0D /* Build configuration list for PBXNativeTarget "MDJStatusBarHUDDemon" */;
			buildPhases = (
				488313601D93621A0099FD0D /* Sources */,
				488313611D93621A0099FD0D /* Frameworks */,
				488313621D93621A0099FD0D /* Resources */,
			);
			buildRules = (
			);
			dependencies = (
			);
			name = MDJStatusBarHUDDemon;
			productName = MDJStatusBarHUDDemon;
			productReference = 488313641D93621A0099FD0D /* MDJStatusBarHUDDemon.app */;
			productType = "com.apple.product-type.application";
		};
/* End PBXNativeTarget section */

/* Begin PBXProject section */
		4883135C1D93621A0099FD0D /* Project object */ = {
			isa = PBXProject;
			attributes = {
				LastUpgradeCheck = 0730;
				ORGANIZATIONNAME = MDJ;
				TargetAttributes = {
					488313631D93621A0099FD0D = {
						CreatedOnToolsVersion = 7.3.1;
					};
				};
			};
			buildConfigurationList = 4883135F1D93621A0099FD0D /* Build configuration list for PBXProject "MDJStatusBarHUDDemon" */;
			compatibilityVersion = "Xcode 3.2";
			developmentRegion = English;
			hasScannedForEncodings = 0;
			knownRegions = (
				en,
				Base,
			);
			mainGroup = 4883135B1D93621A0099FD0D;
			productRefGroup = 488313651D93621A0099FD0D /* Products */;
			projectDirPath = "";
			projectRoot = "";
			targets = (
				488313631D93621A0099FD0D /* MDJStatusBarHUDDemon */,
			);
		};
/* End PBXProject section */

/* Begin PBXResourcesBuildPhase section */
		488313621D93621A0099FD0D /* Resources */ = {
			isa = PBXResourcesBuildPhase;
			buildActionMask = 2147483647;
			files = (
				488313771D93621A0099FD0D /* LaunchScreen.storyboard in Resources */,
				488313741D93621A0099FD0D /* Assets.xcassets in Resources */,
				488313821D9362770099FD0D /* MDJStatusBarHUD.bundle in Resources */,
				488313861D93639E0099FD0D /* Main.storyboard in Resources */,
			);
			runOnlyForDeploymentPostprocessing = 0;
		};
/* End PBXResourcesBuildPhase section */

/* Begin PBXSourcesBuildPhase section */
		488313601D93621A0099FD0D /* Sources */ = {
			isa = PBXSourcesBuildPhase;
			buildActionMask = 2147483647;
			files = (
				4883136F1D93621A0099FD0D /* ViewController.m in Sources */,
				488313831D9362770099FD0D /* MDJStatusBarHUD.m in Sources */,
				4883136C1D93621A0099FD0D /* AppDelegate.m in Sources */,
				488313691D93621A0099FD0D /* main.m in Sources */,
			);
			runOnlyForDeploymentPostprocessing = 0;
		};
/* End PBXSourcesBuildPhase section */

/* Begin PBXVariantGroup section */
		488313751D93621A0099FD0D /* LaunchScreen.storyboard */ = {
			isa = PBXVariantGroup;
			children = (
				488313761D93621A0099FD0D /* Base */,
			);
			name = LaunchScreen.storyboard;
			sourceTree = "<group>";
		};
		488313841D93639E0099FD0D /* Main.storyboard */ = {
			isa = PBXVariantGroup;
			children = (
				488313851D93639E0099FD0D /* Base */,
			);
			name = Main.storyboard;
			sourceTree = "<group>";
		};
/* End PBXVariantGroup section */

/* Begin XCBuildConfiguration section */
		488313791D93621A0099FD0D /* Debug */ = {
			isa = XCBuildConfiguration;
			buildSettings = {
				ALWAYS_SEARCH_USER_PATHS = NO;
				CLANG_ANALYZER_NONNULL = YES;
				CLANG_CXX_LANGUAGE_STANDARD = "gnu++0x";
				CLANG_CXX_LIBRARY = "libc++";
				CLANG_ENABLE_MODULES = YES;
				CLANG_ENABLE_OBJC_ARC = YES;
				CLANG_WARN_BOOL_CONVERSION = YES;
				CLANG_WARN_CONSTANT_CONVERSION = YES;
				CLANG_WARN_DIRECT_OBJC_ISA_USAGE = YES_ERROR;
				CLANG_WARN_EMPTY_BODY = YES;
				CLANG_WARN_ENUM_CONVERSION = YES;
				CLANG_WARN_INT_CONVERSION = YES;
				CLANG_WARN_OBJC_ROOT_CLASS = YES_ERROR;
				CLANG_WARN_UNREACHABLE_CODE = YES;
				CLANG_WARN__DUPLICATE_METHOD_MATCH = YES;
				"CODE_SIGN_IDENTITY[sdk=iphoneos*]" = "iPhone Developer";
				COPY_PHASE_STRIP = NO;
				DEBUG_INFORMATION_FORMAT = dwarf;
				ENABLE_STRICT_OBJC_MSGSEND = YES;
				ENABLE_TESTABILITY = YES;
				GCC_C_LANGUAGE_STANDARD = gnu99;
				GCC_DYNAMIC_NO_PIC = NO;
				GCC_NO_COMMON_BLOCKS = YES;
				GCC_OPTIMIZATION_LEVEL = 0;
				GCC_PREPROCESSOR_DEFINITIONS = (
					"DEBUG=1",
					"$(inherited)",
				);
				GCC_WARN_64_TO_32_BIT_CONVERSION = YES;
				GCC_WARN_ABOUT_RETURN_TYPE = YES_ERROR;
				GCC_WARN_UNDECLARED_SELECTOR = YES;
				GCC_WARN_UNINITIALIZED_AUTOS = YES_AGGRESSIVE;
				GCC_WARN_UNUSED_FUNCTION = YES;
				GCC_WARN_UNUSED_VARIABLE = YES;
				IPHONEOS_DEPLOYMENT_TARGET = 9.3;
				MTL_ENABLE_DEBUG_INFO = YES;
				ONLY_ACTIVE_ARCH = YES;
				SDKROOT = iphoneos;
				TARGETED_DEVICE_FAMILY = "1,2";
			};
			name = Debug;
		};
		4883137A1D93621A0099FD0D /* Release */ = {
			isa = XCBuildConfiguration;
			buildSettings = {
				ALWAYS_SEARCH_USER_PATHS = NO;
				CLANG_ANALYZER_NONNULL = YES;
				CLANG_CXX_LANGUAGE_STANDARD = "gnu++0x";
				CLANG_CXX_LIBRARY = "libc++";
				CLANG_ENABLE_MODULES = YES;
				CLANG_ENABLE_OBJC_ARC = YES;
				CLANG_WARN_BOOL_CONVERSION = YES;
				CLANG_WARN_CONSTANT_CONVERSION = YES;
				CLANG_WARN_DIRECT_OBJC_ISA_USAGE = YES_ERROR;
				CLANG_WARN_EMPTY_BODY = YES;
				CLANG_WARN_ENUM_CONVERSION = YES;
				CLANG_WARN_INT_CONVERSION = YES;
				CLANG_WARN_OBJC_ROOT_CLASS = YES_ERROR;
				CLANG_WARN_UNREACHABLE_CODE = YES;
				CLANG_WARN__DUPLICATE_METHOD_MATCH = YES;
				"CODE_SIGN_IDENTITY[sdk=iphoneos*]" = "iPhone Developer";
				COPY_PHASE_STRIP = NO;
				DEBUG_INFORMATION_FORMAT = "dwarf-with-dsym";
				ENABLE_NS_ASSERTIONS = NO;
				ENABLE_STRICT_OBJC_MSGSEND = YES;
				GCC_C_LANGUAGE_STANDARD = gnu99;
				GCC_NO_COMMON_BLOCKS = YES;
				GCC_WARN_64_TO_32_BIT_CONVERSION = YES;
				GCC_WARN_ABOUT_RETURN_TYPE = YES_ERROR;
				GCC_WARN_UNDECLARED_SELECTOR = YES;
				GCC_WARN_UNINITIALIZED_AUTOS = YES_AGGRESSIVE;
				GCC_WARN_UNUSED_FUNCTION = YES;
				GCC_WARN_UNUSED_VARIABLE = YES;
				IPHONEOS_DEPLOYMENT_TARGET = 9.3;
				MTL_ENABLE_DEBUG_INFO = NO;
				SDKROOT = iphoneos;
				TARGETED_DEVICE_FAMILY = "1,2";
				VALIDATE_PRODUCT = YES;
			};
			name = Release;
		};
		4883137C1D93621A0099FD0D /* Debug */ = {
			isa = XCBuildConfiguration;
			buildSettings = {
				ASSETCATALOG_COMPILER_APPICON_NAME = AppIcon;
				INFOPLIST_FILE = MDJStatusBarHUDDemon/Info.plist;
				IPHONEOS_DEPLOYMENT_TARGET = 8.2;
				LD_RUNPATH_SEARCH_PATHS = "$(inherited) @executable_path/Frameworks";
				PRODUCT_BUNDLE_IDENTIFIER = UUXue.MDJStatusBarHUDDemon;
				PRODUCT_NAME = "$(TARGET_NAME)";
			};
			name = Debug;
		};
		4883137D1D93621A0099FD0D /* Release */ = {
			isa = XCBuildConfiguration;
			buildSettings = {
				ASSETCATALOG_COMPILER_APPICON_NAME = AppIcon;
				INFOPLIST_FILE = MDJStatusBarHUDDemon/Info.plist;
				IPHONEOS_DEPLOYMENT_TARGET = 8.2;
				LD_RUNPATH_SEARCH_PATHS = "$(inherited) @executable_path/Frameworks";
				PRODUCT_BUNDLE_IDENTIFIER = UUXue.MDJStatusBarHUDDemon;
				PRODUCT_NAME = "$(TARGET_NAME)";
			};
			name = Release;
		};
/* End XCBuildConfiguration section */

/* Begin XCConfigurationList section */
		4883135F1D93621A0099FD0D /* Build configuration list for PBXProject "MDJStatusBarHUDDemon" */ = {
			isa = XCConfigurationList;
			buildConfigurations = (
				488313791D93621A0099FD0D /* Debug */,
				4883137A1D93621A0099FD0D /* Release */,
			);
			defaultConfigurationIsVisible = 0;
			defaultConfigurationName = Release;
		};
		4883137B1D93621A0099FD0D /* Build configuration list for PBXNativeTarget "MDJStatusBarHUDDemon" */ = {
			isa = XCConfigurationList;
			buildConfigurations = (
				4883137C1D93621A0099FD0D /* Debug */,
				4883137D1D93621A0099FD0D /* Release */,
			);
			defaultConfigurationIsVisible = 0;
		};
/* End XCConfigurationList section */
	};
	rootObject = 4883135C1D93621A0099FD0D /* Project object */;
}
